{
  "name": "myapp",
  "version": "1.0.0",
  "lockfileVersion": 3,
  "requires": true,
  "packages": {
    "": {
      "name": "myapp",
      "version": "1.0.0",
      "license": "ISC",
      "dependencies": {
        "translate": "^3.0.1",
        "uuid": "^9.0.1"
      }
    },
    "node_modules/translate": {
      "version": "3.0.1",
      "resolved": "https://registry.npmjs.org/translate/-/translate-3.0.1.tgz",
      "integrity": "sha512-ZePIRh2uuN7ofL6V2KfRh71525pwPCC8CtoWJg29tQcr3vhGTFXzz2nYG+rmRxlZ5PCcMza/GDXqxLFx5omVpQ==",
      "license": "MIT",
      "funding": {
        "url": "https://www.paypal.me/franciscopresencia/19"
      }
    },
    "node_modules/uuid": {
      "version": "9.0.1",
      "resolved": "https://registry.npmjs.org/uuid/-/uuid-9.0.1.tgz",
      "integrity": "sha512-b+1eJOlsR9K8HJpow9Ok3fiWOWSIcIzXodvv0rQjVoOVNpWMpxf1wZNpt4y9h10odCNrqnYp1OBzRktckBe3sA==",
      "funding": [
        "https://github.com/sponsors/broofa",
        "https://github.com/sponsors/ctavan"
      ],
      "license": "MIT",
      "bin": {
        "uuid": "dist/bin/uuid"
      }
    }
  }
}
